
Microsoft Visual Studio Solution File, Format Version 12.00
# Visual Studio Version 16
VisualStudioVersion = 16.0.31624.102
MinimumVisualStudioVersion = 10.0.40219.1
Project("{9A19103F-16F7-4668-BE54-9A1E7A4F7556}") = "WinKaf", "WinKaf.csproj", "{BA297B3F-0511-429B-9CC4-A53FD3AA594B}"
EndProject
Global
	GlobalSection(SolutionConfigurationPlatforms) = preSolution
		Debug|Any CPU = Debug|Any CPU
		Release|Any CPU = Release|Any CPU
	EndGlobalSection
	GlobalSection(ProjectConfigurationPlatforms) = postSolution
		{BA297B3F-0511-429B-9CC4-A53FD3AA594B}.Debug|Any CPU.ActiveCfg = Debug|Any CPU
		{BA297B3F-0511-429B-9CC4-A53FD3AA594B}.Debug|Any CPU.Build.0 = Debug|Any CPU
		{BA297B3F-0511-429B-9CC4-A53FD3AA594B}.Release|Any CPU.ActiveCfg = Release|Any CPU
		{BA297B3F-0511-429B-9CC4-A53FD3AA594B}.Release|Any CPU.Build.0 = Release|Any CPU
	EndGlobalSection
	GlobalSection(SolutionProperties) = preSolution
		HideSolutionNode = FALSE
	EndGlobalSection
	GlobalSection(ExtensibilityGlobals) = postSolution
		SolutionGuid = {736AF0B4-BC9A-4A31-8D70-073DD686094E}
	EndGlobalSection
EndGlobal
